
Microsoft Visual Studio Solution File, Format Version 12.00
# Visual Studio Version 17
VisualStudioVersion = 17.2.32630.192
MinimumVisualStudioVersion = 10.0.40219.1
Project("{FAE04EC0-301F-11D3-BF4B-00C04F79EFBC}") = "Treugolnil", "Treugolnil\Treugolnil.csproj", "{1E1F4017-5254-484C-ADB3-9F7080A7A350}"
EndProject
Global
	GlobalSection(SolutionConfigurationPlatforms) = preSolution
		Debug|Any CPU = Debug|Any CPU
		Release|Any CPU = Release|Any CPU
	EndGlobalSection
	GlobalSection(ProjectConfigurationPlatforms) = postSolution
		{1E1F4017-5254-484C-ADB3-9F7080A7A350}.Debug|Any CPU.ActiveCfg = Debug|Any CPU
		{1E1F4017-5254-484C-ADB3-9F7080A7A350}.Debug|Any CPU.Build.0 = Debug|Any CPU
		{1E1F4017-5254-484C-ADB3-9F7080A7A350}.Release|Any CPU.ActiveCfg = Release|Any CPU
		{1E1F4017-5254-484C-ADB3-9F7080A7A350}.Release|Any CPU.Build.0 = Release|Any CPU
	EndGlobalSection
	GlobalSection(SolutionProperties) = preSolution
		HideSolutionNode = FALSE
	EndGlobalSection
	GlobalSection(ExtensibilityGlobals) = postSolution
		SolutionGuid = {F68838E4-A0AD-439A-A0DA-D656662EF5E8}
	EndGlobalSection
EndGlobal
